
Microsoft Visual Studio Solution File, Format Version 12.00
# Visual Studio 14
VisualStudioVersion = 14.0.25420.1
MinimumVisualStudioVersion = 10.0.40219.1
Project("{FAE04EC0-301F-11D3-BF4B-00C04F79EFBC}") = "SslSocket", "SslSocket\SslSocket.csproj", "{4E7318E8-7C91-4E03-AA4E-3512A0EED666}"
EndProject
Project("{FAE04EC0-301F-11D3-BF4B-00C04F79EFBC}") = "CheckCertificate", "CheckCertificate\CheckCertificate.csproj", "{92A74C1D-8226-4982-B122-D179DC795D2A}"
EndProject
Project("{FAE04EC0-301F-11D3-BF4B-00C04F79EFBC}") = "WebSocketEventListenerSample", "WebSocketEventListener\WebSocketEventListenerSample.csproj", "{48051799-D0AB-45AF-ABAD-432949BDDE08}"
EndProject
Project("{FAE04EC0-301F-11D3-BF4B-00C04F79EFBC}") = "MoveBall", "MoveBall\MoveBall.csproj", "{A2A92798-500E-4ADB-9489-57E9E04819D1}"
EndProject
Global
	GlobalSection(SolutionConfigurationPlatforms) = preSolution
		Debug|Any CPU = Debug|Any CPU
		Release|Any CPU = Release|Any CPU
	EndGlobalSection
	GlobalSection(ProjectConfigurationPlatforms) = postSolution
		{4E7318E8-7C91-4E03-AA4E-3512A0EED666}.Debug|Any CPU.ActiveCfg = Debug|Any CPU
		{4E7318E8-7C91-4E03-AA4E-3512A0EED666}.Debug|Any CPU.Build.0 = Debug|Any CPU
		{4E7318E8-7C91-4E03-AA4E-3512A0EED666}.Release|Any CPU.ActiveCfg = Release|Any CPU
		{4E7318E8-7C91-4E03-AA4E-3512A0EED666}.Release|Any CPU.Build.0 = Release|Any CPU
		{92A74C1D-8226-4982-B122-D179DC795D2A}.Debug|Any CPU.ActiveCfg = Debug|Any CPU
		{92A74C1D-8226-4982-B122-D179DC795D2A}.Debug|Any CPU.Build.0 = Debug|Any CPU
		{92A74C1D-8226-4982-B122-D179DC795D2A}.Release|Any CPU.ActiveCfg = Release|Any CPU
		{92A74C1D-8226-4982-B122-D179DC795D2A}.Release|Any CPU.Build.0 = Release|Any CPU
		{48051799-D0AB-45AF-ABAD-432949BDDE08}.Debug|Any CPU.ActiveCfg = Debug|Any CPU
		{48051799-D0AB-45AF-ABAD-432949BDDE08}.Debug|Any CPU.Build.0 = Debug|Any CPU
		{48051799-D0AB-45AF-ABAD-432949BDDE08}.Release|Any CPU.ActiveCfg = Release|Any CPU
		{48051799-D0AB-45AF-ABAD-432949BDDE08}.Release|Any CPU.Build.0 = Release|Any CPU
		{A2A92798-500E-4ADB-9489-57E9E04819D1}.Debug|Any CPU.ActiveCfg = Debug|Any CPU
		{A2A92798-500E-4ADB-9489-57E9E04819D1}.Debug|Any CPU.Build.0 = Debug|Any CPU
		{A2A92798-500E-4ADB-9489-57E9E04819D1}.Release|Any CPU.ActiveCfg = Release|Any CPU
		{A2A92798-500E-4ADB-9489-57E9E04819D1}.Release|Any CPU.Build.0 = Release|Any CPU
	EndGlobalSection
	GlobalSection(SolutionProperties) = preSolution
		HideSolutionNode = FALSE
	EndGlobalSection
EndGlobal
